// !$*UTF8*$!
{
	archiveVersion = 1;
	classes = {
	};
	objectVersion = 46;
	objects = {

/* Begin PBXBuildFile section */
		48FC38D6199B3C0000291BEF /* AppDelegate.swift in Sources */ = {isa = PBXBuildFile; fileRef = 48FC38D5199B3C0000291BEF /* AppDelegate.swift */; };
		48FC38D8199B3C0000291BEF /* RootViewController.swift in Sources */ = {isa = PBXBuildFile; fileRef = 48FC38D7199B3C0000291BEF /* RootViewController.swift */; };
		48FC38DA199B3C0000291BEF /* DataViewController.swift in Sources */ = {isa = PBXBuildFile; fileRef = 48FC38D9199B3C0000291BEF /* DataViewController.swift */; };
		48FC38DC199B3C0000291BEF /* ModelController.swift in Sources */ = {isa = PBXBuildFile; fileRef = 48FC38DB199B3C0000291BEF /* ModelController.swift */; };
		48FC38DF199B3C0000291BEF /* Main.storyboard in Resources */ = {isa = PBXBuildFile; fileRef = 48FC38DD199B3C0000291BEF /* Main.storyboard */; };
		48FC38E1199B3C0000291BEF /* Images.xcassets in Resources */ = {isa = PBXBuildFile; fileRef = 48FC38E0199B3C0000291BEF /* Images.xcassets */; };
		48FC38ED199B3C0000291BEF /* PageBasedApplicationDemoTests.swift in Sources */ = {isa = PBXBuildFile; fileRef = 48FC38EC199B3C0000291BEF /* PageBasedApplicationDemoTests.swift */; };
/* End PBXBuildFile section */

/* Begin PBXContainerItemProxy section */
		48FC38E7199B3C0000291BEF /* PBXContainerItemProxy */ = {
			isa = PBXContainerItemProxy;
			containerPortal = 48FC38C8199B3C0000291BEF /* Project object */;
			proxyType = 1;
			remoteGlobalIDString = 48FC38CF199B3C0000291BEF;
			remoteInfo = PageBasedApplicationDemo;
		};
/* End PBXContainerItemProxy section */

/* Begin PBXFileReference section */
		48FC38D0199B3C0000291BEF /* PageBasedApplicationDemo.app */ = {isa = PBXFileReference; explicitFileType = wrapper.application; includeInIndex = 0; path = PageBasedApplicationDemo.app; sourceTree = BUILT_PRODUCTS_DIR; };
		48FC38D4199B3C0000291BEF /* Info.plist */ = {isa = PBXFileReference; lastKnownFileType = text.plist.xml; path = Info.plist; sourceTree = "<group>"; };
		48FC38D5199B3C0000291BEF /* AppDelegate.swift */ = {isa = PBXFileReference; lastKnownFileType = sourcecode.swift; path = AppDelegate.swift; sourceTree = "<group>"; };
		48FC38D7199B3C0000291BEF /* RootViewController.swift */ = {isa = PBXFileReference; lastKnownFileType = sourcecode.swift; path = RootViewController.swift; sourceTree = "<group>"; };
		48FC38D9199B3C0000291BEF /* DataViewController.swift */ = {isa = PBXFileReference; lastKnownFileType = sourcecode.swift; path = DataViewController.swift; sourceTree = "<group>"; };
		48FC38DB199B3C0000291BEF /* ModelController.swift */ = {isa = PBXFileReference; lastKnownFileType = sourcecode.swift; path = ModelController.swift; sourceTree = "<group>"; };
		48FC38DE199B3C0000291BEF /* Base */ = {isa = PBXFileReference; lastKnownFileType = file.storyboard; name = Base; path = Base.lproj/Main.storyboard; sourceTree = "<group>"; };
		48FC38E0199B3C0000291BEF /* Images.xcassets */ = {isa = PBXFileReference; lastKnownFileType = folder.assetcatalog; path = Images.xcassets; sourceTree = "<group>"; };
		48FC38E6199B3C0000291BEF /* PageBasedApplicationDemoTests.xctest */ = {isa = PBXFileReference; explicitFileType = wrapper.cfbundle; includeInIndex = 0; path = PageBasedApplicationDemoTests.xctest; sourceTree = BUILT_PRODUCTS_DIR; };
		48FC38EB199B3C0000291BEF /* Info.plist */ = {isa = PBXFileReference; lastKnownFileType = text.plist.xml; path = Info.plist; sourceTree = "<group>"; };
		48FC38EC199B3C0000291BEF /* PageBasedApplicationDemoTests.swift */ = {isa = PBXFileReference; lastKnownFileType = sourcecode.swift; path = PageBasedApplicationDemoTests.swift; sourceTree = "<group>"; };
/* End PBXFileReference section */

/* Begin PBXFrameworksBuildPhase section */
		48FC38CD199B3C0000291BEF /* Frameworks */ = {
			isa = PBXFrameworksBuildPhase;
			buildActionMask = 2147483647;
			files = (
			);
			runOnlyForDeploymentPostprocessing = 0;
		};
		48FC38E3199B3C0000291BEF /* Frameworks */ = {
			isa = PBXFrameworksBuildPhase;
			buildActionMask = 2147483647;
			files = (
			);
			runOnlyForDeploymentPostprocessing = 0;
		};
/* End PBXFrameworksBuildPhase section */

/* Begin PBXGroup section */
		48FC38C7199B3C0000291BEF = {
			isa = PBXGroup;
			children = (
				48FC38D2199B3C0000291BEF /* PageBasedApplicationDemo */,
				48FC38E9199B3C0000291BEF /* PageBasedApplicationDemoTests */,
				48FC38D1199B3C0000291BEF /* Products */,
			);
			sourceTree = "<group>";
		};
		48FC38D1199B3C0000291BEF /* Products */ = {
			isa = PBXGroup;
			children = (
				48FC38D0199B3C0000291BEF /* PageBasedApplicationDemo.app */,
				48FC38E6199B3C0000291BEF /* PageBasedApplicationDemoTests.xctest */,
			);
			name = Products;
			sourceTree = "<group>";
		};
		48FC38D2199B3C0000291BEF /* PageBasedApplicationDemo */ = {
			isa = PBXGroup;
			children = (
				48FC38D5199B3C0000291BEF /* AppDelegate.swift */,
				48FC38D7199B3C0000291BEF /* RootViewController.swift */,
				48FC38D9199B3C0000291BEF /* DataViewController.swift */,
				48FC38DB199B3C0000291BEF /* ModelController.swift */,
				48FC38DD199B3C0000291BEF /* Main.storyboard */,
				48FC38E0199B3C0000291BEF /* Images.xcassets */,
				48FC38D3199B3C0000291BEF /* Supporting Files */,
			);
			path = PageBasedApplicationDemo;
			sourceTree = "<group>";
		};
		48FC38D3199B3C0000291BEF /* Supporting Files */ = {
			isa = PBXGroup;
			children = (
				48FC38D4199B3C0000291BEF /* Info.plist */,
			);
			name = "Supporting Files";
			sourceTree = "<group>";
		};
		48FC38E9199B3C0000291BEF /* PageBasedApplicationDemoTests */ = {
			isa = PBXGroup;
			children = (
				48FC38EC199B3C0000291BEF /* PageBasedApplicationDemoTests.swift */,
				48FC38EA199B3C0000291BEF /* Supporting Files */,
			);
			path = PageBasedApplicationDemoTests;
			sourceTree = "<group>";
		};
		48FC38EA199B3C0000291BEF /* Supporting Files */ = {
			isa = PBXGroup;
			children = (
				48FC38EB199B3C0000291BEF /* Info.plist */,
			);
			name = "Supporting Files";
			sourceTree = "<group>";
		};
/* End PBXGroup section */

/* Begin PBXNativeTarget section */
		48FC38CF199B3C0000291BEF /* PageBasedApplicationDemo */ = {
			isa = PBXNativeTarget;
			buildConfigurationList = 48FC38F0199B3C0000291BEF /* Build configuration list for PBXNativeTarget "PageBasedApplicationDemo" */;
			buildPhases = (
				48FC38CC199B3C0000291BEF /* Sources */,
				48FC38CD199B3C0000291BEF /* Frameworks */,
				48FC38CE199B3C0000291BEF /* Resources */,
			);
			buildRules = (
			);
			dependencies = (
			);
			name = PageBasedApplicationDemo;
			productName = PageBasedApplicationDemo;
			productReference = 48FC38D0199B3C0000291BEF /* PageBasedApplicationDemo.app */;
			productType = "com.apple.product-type.application";
		};
		48FC38E5199B3C0000291BEF /* PageBasedApplicationDemoTests */ = {
			isa = PBXNativeTarget;
			buildConfigurationList = 48FC38F3199B3C0000291BEF /* Build configuration list for PBXNativeTarget "PageBasedApplicationDemoTests" */;
			buildPhases = (
				48FC38E2199B3C0000291BEF /* Sources */,
				48FC38E3199B3C0000291BEF /* Frameworks */,
				48FC38E4199B3C0000291BEF /* Resources */,
			);
			buildRules = (
			);
			dependencies = (
				48FC38E8199B3C0000291BEF /* PBXTargetDependency */,
			);
			name = PageBasedApplicationDemoTests;
			productName = PageBasedApplicationDemoTests;
			productReference = 48FC38E6199B3C0000291BEF /* PageBasedApplicationDemoTests.xctest */;
			productType = "com.apple.product-type.bundle.unit-test";
		};
/* End PBXNativeTarget section */

/* Begin PBXProject section */
		48FC38C8199B3C0000291BEF /* Project object */ = {
			isa = PBXProject;
			attributes = {
				LastUpgradeCheck = 0600;
				ORGANIZATIONNAME = "Ravi Shankar";
				TargetAttributes = {
					48FC38CF199B3C0000291BEF = {
						CreatedOnToolsVersion = 6.0;
					};
					48FC38E5199B3C0000291BEF = {
						CreatedOnToolsVersion = 6.0;
						TestTargetID = 48FC38CF199B3C0000291BEF;
					};
				};
			};
			buildConfigurationList = 48FC38CB199B3C0000291BEF /* Build configuration list for PBXProject "PageBasedApplicationDemo" */;
			compatibilityVersion = "Xcode 3.2";
			developmentRegion = English;
			hasScannedForEncodings = 0;
			knownRegions = (
				en,
				Base,
			);
			mainGroup = 48FC38C7199B3C0000291BEF;
			productRefGroup = 48FC38D1199B3C0000291BEF /* Products */;
			projectDirPath = "";
			projectRoot = "";
			targets = (
				48FC38CF199B3C0000291BEF /* PageBasedApplicationDemo */,
				48FC38E5199B3C0000291BEF /* PageBasedApplicationDemoTests */,
			);
		};
/* End PBXProject section */

/* Begin PBXResourcesBuildPhase section */
		48FC38CE199B3C0000291BEF /* Resources */ = {
			isa = PBXResourcesBuildPhase;
			buildActionMask = 2147483647;
			files = (
				48FC38DF199B3C0000291BEF /* Main.storyboard in Resources */,
				48FC38E1199B3C0000291BEF /* Images.xcassets in Resources */,
			);
			runOnlyForDeploymentPostprocessing = 0;
		};
		48FC38E4199B3C0000291BEF /* Resources */ = {
			isa = PBXResourcesBuildPhase;
			buildActionMask = 2147483647;
			files = (
			);
			runOnlyForDeploymentPostprocessing = 0;
		};
/* End PBXResourcesBuildPhase section */

/* Begin PBXSourcesBuildPhase section */
		48FC38CC199B3C0000291BEF /* Sources */ = {
			isa = PBXSourcesBuildPhase;
			buildActionMask = 2147483647;
			files = (
				48FC38D8199B3C0000291BEF /* RootViewController.swift in Sources */,
				48FC38DC199B3C0000291BEF /* ModelController.swift in Sources */,
				48FC38DA199B3C0000291BEF /* DataViewController.swift in Sources */,
				48FC38D6199B3C0000291BEF /* AppDelegate.swift in Sources */,
			);
			runOnlyForDeploymentPostprocessing = 0;
		};
		48FC38E2199B3C0000291BEF /* Sources */ = {
			isa = PBXSourcesBuildPhase;
			buildActionMask = 2147483647;
			files = (
				48FC38ED199B3C0000291BEF /* PageBasedApplicationDemoTests.swift in Sources */,
			);
			runOnlyForDeploymentPostprocessing = 0;
		};
/* End PBXSourcesBuildPhase section */

/* Begin PBXTargetDependency section */
		48FC38E8199B3C0000291BEF /* PBXTargetDependency */ = {
			isa = PBXTargetDependency;
			target = 48FC38CF199B3C0000291BEF /* PageBasedApplicationDemo */;
			targetProxy = 48FC38E7199B3C0000291BEF /* PBXContainerItemProxy */;
		};
/* End PBXTargetDependency section */

/* Begin PBXVariantGroup section */
		48FC38DD199B3C0000291BEF /* Main.storyboard */ = {
			isa = PBXVariantGroup;
			children = (
				48FC38DE199B3C0000291BEF /* Base */,
			);
			name = Main.storyboard;
			sourceTree = "<group>";
		};
/* End PBXVariantGroup section */

/* Begin XCBuildConfiguration section */
		48FC38EE199B3C0000291BEF /* Debug */ = {
			isa = XCBuildConfiguration;
			buildSettings = {
				ALWAYS_SEARCH_USER_PATHS = NO;
				CLANG_CXX_LANGUAGE_STANDARD = "gnu++0x";
				CLANG_CXX_LIBRARY = "libc++";
				CLANG_ENABLE_MODULES = YES;
				CLANG_ENABLE_OBJC_ARC = YES;
				CLANG_WARN_BOOL_CONVERSION = YES;
				CLANG_WARN_CONSTANT_CONVERSION = YES;
				CLANG_WARN_DIRECT_OBJC_ISA_USAGE = YES_ERROR;
				CLANG_WARN_EMPTY_BODY = YES;
				CLANG_WARN_ENUM_CONVERSION = YES;
				CLANG_WARN_INT_CONVERSION = YES;
				CLANG_WARN_OBJC_ROOT_CLASS = YES_ERROR;
				CLANG_WARN_UNREACHABLE_CODE = YES;
				CLANG_WARN__DUPLICATE_METHOD_MATCH = YES;
				"CODE_SIGN_IDENTITY[sdk=iphoneos*]" = "iPhone Developer";
				COPY_PHASE_STRIP = NO;
				ENABLE_STRICT_OBJC_MSGSEND = YES;
				GCC_C_LANGUAGE_STANDARD = gnu99;
				GCC_DYNAMIC_NO_PIC = NO;
				GCC_OPTIMIZATION_LEVEL = 0;
				GCC_PREPROCESSOR_DEFINITIONS = (
					"DEBUG=1",
					"$(inherited)",
				);
				GCC_SYMBOLS_PRIVATE_EXTERN = NO;
				GCC_WARN_64_TO_32_BIT_CONVERSION = YES;
				GCC_WARN_ABOUT_RETURN_TYPE = YES_ERROR;
				GCC_WARN_UNDECLARED_SELECTOR = YES;
				GCC_WARN_UNINITIALIZED_AUTOS = YES_AGGRESSIVE;
				GCC_WARN_UNUSED_FUNCTION = YES;
				GCC_WARN_UNUSED_VARIABLE = YES;
				IPHONEOS_DEPLOYMENT_TARGET = 8.0;
				MTL_ENABLE_DEBUG_INFO = YES;
				ONLY_ACTIVE_ARCH = YES;
				SDKROOT = iphoneos;
				SWIFT_OPTIMIZATION_LEVEL = "-Onone";
			};
			name = Debug;
		};
		48FC38EF199B3C0000291BEF /* Release */ = {
			isa = XCBuildConfiguration;
			buildSettings = {
				ALWAYS_SEARCH_USER_PATHS = NO;
				CLANG_CXX_LANGUAGE_STANDARD = "gnu++0x";
				CLANG_CXX_LIBRARY = "libc++";
				CLANG_ENABLE_MODULES = YES;
				CLANG_ENABLE_OBJC_ARC = YES;
				CLANG_WARN_BOOL_CONVERSION = YES;
				CLANG_WARN_CONSTANT_CONVERSION = YES;
				CLANG_WARN_DIRECT_OBJC_ISA_USAGE = YES_ERROR;
				CLANG_WARN_EMPTY_BODY = YES;
				CLANG_WARN_ENUM_CONVERSION = YES;
				CLANG_WARN_INT_CONVERSION = YES;
				CLANG_WARN_OBJC_ROOT_CLASS = YES_ERROR;
				CLANG_WARN_UNREACHABLE_CODE = YES;
				CLANG_WARN__DUPLICATE_METHOD_MATCH = YES;
				"CODE_SIGN_IDENTITY[sdk=iphoneos*]" = "iPhone Developer";
				COPY_PHASE_STRIP = YES;
				ENABLE_NS_ASSERTIONS = NO;
				ENABLE_STRICT_OBJC_MSGSEND = YES;
				GCC_C_LANGUAGE_STANDARD = gnu99;
				GCC_WARN_64_TO_32_BIT_CONVERSION = YES;
				GCC_WARN_ABOUT_RETURN_TYPE = YES_ERROR;
				GCC_WARN_UNDECLARED_SELECTOR = YES;
				GCC_WARN_UNINITIALIZED_AUTOS = YES_AGGRESSIVE;
				GCC_WARN_UNUSED_FUNCTION = YES;
				GCC_WARN_UNUSED_VARIABLE = YES;
				IPHONEOS_DEPLOYMENT_TARGET = 8.0;
				MTL_ENABLE_DEBUG_INFO = NO;
				SDKROOT = iphoneos;
				VALIDATE_PRODUCT = YES;
			};
			name = Release;
		};
		48FC38F1199B3C0000291BEF /* Debug */ = {
			isa = XCBuildConfiguration;
			buildSettings = {
				ASSETCATALOG_COMPILER_APPICON_NAME = AppIcon;
				ASSETCATALOG_COMPILER_LAUNCHIMAGE_NAME = LaunchImage;
				INFOPLIST_FILE = PageBasedApplicationDemo/Info.plist;
				LD_RUNPATH_SEARCH_PATHS = "$(inherited) @executable_path/Frameworks";
				PRODUCT_NAME = "$(TARGET_NAME)";
			};
			name = Debug;
		};
		48FC38F2199B3C0000291BEF /* Release */ = {
			isa = XCBuildConfiguration;
			buildSettings = {
				ASSETCATALOG_COMPILER_APPICON_NAME = AppIcon;
				ASSETCATALOG_COMPILER_LAUNCHIMAGE_NAME = LaunchImage;
				INFOPLIST_FILE = PageBasedApplicationDemo/Info.plist;
				LD_RUNPATH_SEARCH_PATHS = "$(inherited) @executable_path/Frameworks";
				PRODUCT_NAME = "$(TARGET_NAME)";
			};
			name = Release;
		};
		48FC38F4199B3C0000291BEF /* Debug */ = {
			isa = XCBuildConfiguration;
			buildSettings = {
				BUNDLE_LOADER = "$(TEST_HOST)";
				FRAMEWORK_SEARCH_PATHS = (
					"$(SDKROOT)/Developer/Library/Frameworks",
					"$(inherited)",
				);
				GCC_PREPROCESSOR_DEFINITIONS = (
					"DEBUG=1",
					"$(inherited)",
				);
				INFOPLIST_FILE = PageBasedApplicationDemoTests/Info.plist;
				LD_RUNPATH_SEARCH_PATHS = "$(inherited) @executable_path/Frameworks @loader_path/Frameworks";
				PRODUCT_NAME = "$(TARGET_NAME)";
				TEST_HOST = "$(BUILT_PRODUCTS_DIR)/PageBasedApplicationDemo.app/PageBasedApplicationDemo";
			};
			name = Debug;
		};
		48FC38F5199B3C0000291BEF /* Release */ = {
			isa = XCBuildConfiguration;
			buildSettings = {
				BUNDLE_LOADER = "$(TEST_HOST)";
				FRAMEWORK_SEARCH_PATHS = (
					"$(SDKROOT)/Developer/Library/Frameworks",
					"$(inherited)",
				);
				INFOPLIST_FILE = PageBasedApplicationDemoTests/Info.plist;
				LD_RUNPATH_SEARCH_PATHS = "$(inherited) @executable_path/Frameworks @loader_path/Frameworks";
				PRODUCT_NAME = "$(TARGET_NAME)";
				TEST_HOST = "$(BUILT_PRODUCTS_DIR)/PageBasedApplicationDemo.app/PageBasedApplicationDemo";
			};
			name = Release;
		};
/* End XCBuildConfiguration section */

/* Begin XCConfigurationList section */
		48FC38CB199B3C0000291BEF /* Build configuration list for PBXProject "PageBasedApplicationDemo" */ = {
			isa = XCConfigurationList;
			buildConfigurations = (
				48FC38EE199B3C0000291BEF /* Debug */,
				48FC38EF199B3C0000291BEF /* Release */,
			);
			defaultConfigurationIsVisible = 0;
			defaultConfigurationName = Release;
		};
		48FC38F0199B3C0000291BEF /* Build configuration list for PBXNativeTarget "PageBasedApplicationDemo" */ = {
			isa = XCConfigurationList;
			buildConfigurations = (
				48FC38F1199B3C0000291BEF /* Debug */,
				48FC38F2199B3C0000291BEF /* Release */,
			);
			defaultConfigurationIsVisible = 0;
		};
		48FC38F3199B3C0000291BEF /* Build configuration list for PBXNativeTarget "PageBasedApplicationDemoTests" */ = {
			isa = XCConfigurationList;
			buildConfigurations = (
				48FC38F4199B3C0000291BEF /* Debug */,
				48FC38F5199B3C0000291BEF /* Release */,
			);
			defaultConfigurationIsVisible = 0;
		};
/* End XCConfigurationList section */
	};
	rootObject = 48FC38C8199B3C0000291BEF /* Project object */;
}
